
Microsoft Visual Studio Solution File, Format Version 12.00
# Visual Studio Version 16
VisualStudioVersion = 16.0.30523.141
MinimumVisualStudioVersion = 10.0.40219.1
Project("{FAE04EC0-301F-11D3-BF4B-00C04F79EFBC}") = "SiparisApi", "SiparisApi\SiparisApi.csproj", "{69E904DD-3A4C-46B8-BF53-909E7154A89C}"
EndProject
Global
	GlobalSection(SolutionConfigurationPlatforms) = preSolution
		Debug|Any CPU = Debug|Any CPU
		Release|Any CPU = Release|Any CPU
	EndGlobalSection
	GlobalSection(ProjectConfigurationPlatforms) = postSolution
		{69E904DD-3A4C-46B8-BF53-909E7154A89C}.Debug|Any CPU.ActiveCfg = Debug|Any CPU
		{69E904DD-3A4C-46B8-BF53-909E7154A89C}.Debug|Any CPU.Build.0 = Debug|Any CPU
		{69E904DD-3A4C-46B8-BF53-909E7154A89C}.Release|Any CPU.ActiveCfg = Release|Any CPU
		{69E904DD-3A4C-46B8-BF53-909E7154A89C}.Release|Any CPU.Build.0 = Release|Any CPU
	EndGlobalSection
	GlobalSection(SolutionProperties) = preSolution
		HideSolutionNode = FALSE
	EndGlobalSection
	GlobalSection(ExtensibilityGlobals) = postSolution
		SolutionGuid = {EDB59E64-DB0F-41BF-84C3-9546B892CC9E}
	EndGlobalSection
EndGlobal
